
Microsoft Visual Studio Solution File, Format Version 12.00
# Visual Studio 14
VisualStudioVersion = 14.0.24720.0
MinimumVisualStudioVersion = 10.0.40219.1
Project("{FAE04EC0-301F-11D3-BF4B-00C04F79EFBC}") = "Logica", "Logica\Logica.csproj", "{844204BD-3F81-42DA-89A8-953FF3AE0D95}"
EndProject
Project("{FAE04EC0-301F-11D3-BF4B-00C04F79EFBC}") = "Escritorio", "Escritorio\Escritorio.csproj", "{19F4922E-9A2F-4D83-A59A-2B1A4CC8601A}"
EndProject
Project("{FAE04EC0-301F-11D3-BF4B-00C04F79EFBC}") = "ConsultaWeb", "ConsultaWeb\ConsultaWeb.csproj", "{C3010118-CBB0-4527-9787-91768AB661B5}"
EndProject
Global
	GlobalSection(SolutionConfigurationPlatforms) = preSolution
		Debug|Any CPU = Debug|Any CPU
		Release|Any CPU = Release|Any CPU
	EndGlobalSection
	GlobalSection(ProjectConfigurationPlatforms) = postSolution
		{844204BD-3F81-42DA-89A8-953FF3AE0D95}.Debug|Any CPU.ActiveCfg = Debug|Any CPU
		{844204BD-3F81-42DA-89A8-953FF3AE0D95}.Debug|Any CPU.Build.0 = Debug|Any CPU
		{844204BD-3F81-42DA-89A8-953FF3AE0D95}.Release|Any CPU.ActiveCfg = Release|Any CPU
		{844204BD-3F81-42DA-89A8-953FF3AE0D95}.Release|Any CPU.Build.0 = Release|Any CPU
		{19F4922E-9A2F-4D83-A59A-2B1A4CC8601A}.Debug|Any CPU.ActiveCfg = Debug|Any CPU
		{19F4922E-9A2F-4D83-A59A-2B1A4CC8601A}.Debug|Any CPU.Build.0 = Debug|Any CPU
		{19F4922E-9A2F-4D83-A59A-2B1A4CC8601A}.Release|Any CPU.ActiveCfg = Release|Any CPU
		{19F4922E-9A2F-4D83-A59A-2B1A4CC8601A}.Release|Any CPU.Build.0 = Release|Any CPU
		{C3010118-CBB0-4527-9787-91768AB661B5}.Debug|Any CPU.ActiveCfg = Debug|Any CPU
		{C3010118-CBB0-4527-9787-91768AB661B5}.Debug|Any CPU.Build.0 = Debug|Any CPU
		{C3010118-CBB0-4527-9787-91768AB661B5}.Release|Any CPU.ActiveCfg = Release|Any CPU
		{C3010118-CBB0-4527-9787-91768AB661B5}.Release|Any CPU.Build.0 = Release|Any CPU
	EndGlobalSection
	GlobalSection(SolutionProperties) = preSolution
		HideSolutionNode = FALSE
	EndGlobalSection
EndGlobal
